
Microsoft Visual Studio Solution File, Format Version 12.00
# Visual Studio Version 16
VisualStudioVersion = 16.0.32002.261
MinimumVisualStudioVersion = 10.0.40219.1
Project("{FAE04EC0-301F-11D3-BF4B-00C04F79EFBC}") = "TechTreeMVC", "TechTreeMVC\TechTreeMVC.csproj", "{713316D7-48D6-41A7-B3C5-3491D5D7F793}"
EndProject
Global
	GlobalSection(SolutionConfigurationPlatforms) = preSolution
		Debug|Any CPU = Debug|Any CPU
		Release|Any CPU = Release|Any CPU
	EndGlobalSection
	GlobalSection(ProjectConfigurationPlatforms) = postSolution
		{713316D7-48D6-41A7-B3C5-3491D5D7F793}.Debug|Any CPU.ActiveCfg = Debug|Any CPU
		{713316D7-48D6-41A7-B3C5-3491D5D7F793}.Debug|Any CPU.Build.0 = Debug|Any CPU
		{713316D7-48D6-41A7-B3C5-3491D5D7F793}.Release|Any CPU.ActiveCfg = Release|Any CPU
		{713316D7-48D6-41A7-B3C5-3491D5D7F793}.Release|Any CPU.Build.0 = Release|Any CPU
	EndGlobalSection
	GlobalSection(SolutionProperties) = preSolution
		HideSolutionNode = FALSE
	EndGlobalSection
	GlobalSection(ExtensibilityGlobals) = postSolution
		SolutionGuid = {42FC598B-299D-4F4D-8CBB-D092B202ACB7}
	EndGlobalSection
EndGlobal
